// !$*UTF8*$!
{
	archiveVersion = 1;
	classes = {
	};
	objectVersion = 46;
	objects = {

/* Begin PBXBuildFile section */
		26981CFA1E5EBD2F00F3173E /* AppDelegate.swift in Sources */ = {isa = PBXBuildFile; fileRef = 26981CF91E5EBD2F00F3173E /* AppDelegate.swift */; };
		26981CFF1E5EBD2F00F3173E /* Main.storyboard in Resources */ = {isa = PBXBuildFile; fileRef = 26981CFD1E5EBD2F00F3173E /* Main.storyboard */; };
		26981D011E5EBD2F00F3173E /* Assets.xcassets in Resources */ = {isa = PBXBuildFile; fileRef = 26981D001E5EBD2F00F3173E /* Assets.xcassets */; };
		26981D041E5EBD2F00F3173E /* LaunchScreen.storyboard in Resources */ = {isa = PBXBuildFile; fileRef = 26981D021E5EBD2F00F3173E /* LaunchScreen.storyboard */; };
		26981D121E5EC1B400F3173E /* todo.plist in Resources */ = {isa = PBXBuildFile; fileRef = 26981D111E5EC1B400F3173E /* todo.plist */; };
		26981D141E5EC3BC00F3173E /* TableViewController.swift in Sources */ = {isa = PBXBuildFile; fileRef = 26981D131E5EC3BC00F3173E /* TableViewController.swift */; };
		26981D161E5EC3DE00F3173E /* Categories.swift in Sources */ = {isa = PBXBuildFile; fileRef = 26981D151E5EC3DE00F3173E /* Categories.swift */; };
		26981D1A1E5ECA9E00F3173E /* DetailTableViewController.swift in Sources */ = {isa = PBXBuildFile; fileRef = 26981D191E5ECA9E00F3173E /* DetailTableViewController.swift */; };
		26CEE6421E5F3789001CA818 /* AddItemViewController.swift in Sources */ = {isa = PBXBuildFile; fileRef = 26CEE6411E5F3789001CA818 /* AddItemViewController.swift */; };
/* End PBXBuildFile section */

/* Begin PBXFileReference section */
		26981CF61E5EBD2F00F3173E /* Ahead.app */ = {isa = PBXFileReference; explicitFileType = wrapper.application; includeInIndex = 0; path = Ahead.app; sourceTree = BUILT_PRODUCTS_DIR; };
		26981CF91E5EBD2F00F3173E /* AppDelegate.swift */ = {isa = PBXFileReference; lastKnownFileType = sourcecode.swift; path = AppDelegate.swift; sourceTree = "<group>"; };
		26981CFE1E5EBD2F00F3173E /* Base */ = {isa = PBXFileReference; lastKnownFileType = file.storyboard; name = Base; path = Base.lproj/Main.storyboard; sourceTree = "<group>"; };
		26981D001E5EBD2F00F3173E /* Assets.xcassets */ = {isa = PBXFileReference; lastKnownFileType = folder.assetcatalog; path = Assets.xcassets; sourceTree = "<group>"; };
		26981D031E5EBD2F00F3173E /* Base */ = {isa = PBXFileReference; lastKnownFileType = file.storyboard; name = Base; path = Base.lproj/LaunchScreen.storyboard; sourceTree = "<group>"; };
		26981D051E5EBD2F00F3173E /* Info.plist */ = {isa = PBXFileReference; lastKnownFileType = text.plist.xml; path = Info.plist; sourceTree = "<group>"; };
		26981D111E5EC1B400F3173E /* todo.plist */ = {isa = PBXFileReference; fileEncoding = 4; lastKnownFileType = text.plist.xml; path = todo.plist; sourceTree = "<group>"; };
		26981D131E5EC3BC00F3173E /* TableViewController.swift */ = {isa = PBXFileReference; fileEncoding = 4; lastKnownFileType = sourcecode.swift; path = TableViewController.swift; sourceTree = "<group>"; };
		26981D151E5EC3DE00F3173E /* Categories.swift */ = {isa = PBXFileReference; fileEncoding = 4; lastKnownFileType = sourcecode.swift; path = Categories.swift; sourceTree = "<group>"; };
		26981D191E5ECA9E00F3173E /* DetailTableViewController.swift */ = {isa = PBXFileReference; fileEncoding = 4; lastKnownFileType = sourcecode.swift; path = DetailTableViewController.swift; sourceTree = "<group>"; };
		26CEE6411E5F3789001CA818 /* AddItemViewController.swift */ = {isa = PBXFileReference; fileEncoding = 4; lastKnownFileType = sourcecode.swift; path = AddItemViewController.swift; sourceTree = "<group>"; };
/* End PBXFileReference section */

/* Begin PBXFrameworksBuildPhase section */
		26981CF31E5EBD2F00F3173E /* Frameworks */ = {
			isa = PBXFrameworksBuildPhase;
			buildActionMask = 2147483647;
			files = (
			);
			runOnlyForDeploymentPostprocessing = 0;
		};
/* End PBXFrameworksBuildPhase section */

/* Begin PBXGroup section */
		26981CED1E5EBD2F00F3173E = {
			isa = PBXGroup;
			children = (
				26981CF81E5EBD2F00F3173E /* Ahead */,
				26981CF71E5EBD2F00F3173E /* Products */,
			);
			sourceTree = "<group>";
		};
		26981CF71E5EBD2F00F3173E /* Products */ = {
			isa = PBXGroup;
			children = (
				26981CF61E5EBD2F00F3173E /* Ahead.app */,
			);
			name = Products;
			sourceTree = "<group>";
		};
		26981CF81E5EBD2F00F3173E /* Ahead */ = {
			isa = PBXGroup;
			children = (
				26981CF91E5EBD2F00F3173E /* AppDelegate.swift */,
				26981CFD1E5EBD2F00F3173E /* Main.storyboard */,
				26CEE6411E5F3789001CA818 /* AddItemViewController.swift */,
				26981D191E5ECA9E00F3173E /* DetailTableViewController.swift */,
				26981D131E5EC3BC00F3173E /* TableViewController.swift */,
				26981D151E5EC3DE00F3173E /* Categories.swift */,
				26981D001E5EBD2F00F3173E /* Assets.xcassets */,
				26981D021E5EBD2F00F3173E /* LaunchScreen.storyboard */,
				26981D111E5EC1B400F3173E /* todo.plist */,
				26981D051E5EBD2F00F3173E /* Info.plist */,
			);
			path = Ahead;
			sourceTree = "<group>";
		};
/* End PBXGroup section */

/* Begin PBXNativeTarget section */
		26981CF51E5EBD2F00F3173E /* Ahead */ = {
			isa = PBXNativeTarget;
			buildConfigurationList = 26981D081E5EBD2F00F3173E /* Build configuration list for PBXNativeTarget "Ahead" */;
			buildPhases = (
				26981CF21E5EBD2F00F3173E /* Sources */,
				26981CF31E5EBD2F00F3173E /* Frameworks */,
				26981CF41E5EBD2F00F3173E /* Resources */,
			);
			buildRules = (
			);
			dependencies = (
			);
			name = Ahead;
			productName = Ahead;
			productReference = 26981CF61E5EBD2F00F3173E /* Ahead.app */;
			productType = "com.apple.product-type.application";
		};
/* End PBXNativeTarget section */

/* Begin PBXProject section */
		26981CEE1E5EBD2F00F3173E /* Project object */ = {
			isa = PBXProject;
			attributes = {
				LastSwiftUpdateCheck = 0820;
				LastUpgradeCheck = 0820;
				ORGANIZATIONNAME = "Keren Megory-Cohen";
				TargetAttributes = {
					26981CF51E5EBD2F00F3173E = {
						CreatedOnToolsVersion = 8.2.1;
						DevelopmentTeam = JKDFLUJRE5;
						ProvisioningStyle = Automatic;
					};
				};
			};
			buildConfigurationList = 26981CF11E5EBD2F00F3173E /* Build configuration list for PBXProject "Ahead" */;
			compatibilityVersion = "Xcode 3.2";
			developmentRegion = English;
			hasScannedForEncodings = 0;
			knownRegions = (
				en,
				Base,
			);
			mainGroup = 26981CED1E5EBD2F00F3173E;
			productRefGroup = 26981CF71E5EBD2F00F3173E /* Products */;
			projectDirPath = "";
			projectRoot = "";
			targets = (
				26981CF51E5EBD2F00F3173E /* Ahead */,
			);
		};
/* End PBXProject section */

/* Begin PBXResourcesBuildPhase section */
		26981CF41E5EBD2F00F3173E /* Resources */ = {
			isa = PBXResourcesBuildPhase;
			buildActionMask = 2147483647;
			files = (
				26981D041E5EBD2F00F3173E /* LaunchScreen.storyboard in Resources */,
				26981D011E5EBD2F00F3173E /* Assets.xcassets in Resources */,
				26981CFF1E5EBD2F00F3173E /* Main.storyboard in Resources */,
				26981D121E5EC1B400F3173E /* todo.plist in Resources */,
			);
			runOnlyForDeploymentPostprocessing = 0;
		};
/* End PBXResourcesBuildPhase section */

/* Begin PBXSourcesBuildPhase section */
		26981CF21E5EBD2F00F3173E /* Sources */ = {
			isa = PBXSourcesBuildPhase;
			buildActionMask = 2147483647;
			files = (
				26CEE6421E5F3789001CA818 /* AddItemViewController.swift in Sources */,
				26981D1A1E5ECA9E00F3173E /* DetailTableViewController.swift in Sources */,
				26981CFA1E5EBD2F00F3173E /* AppDelegate.swift in Sources */,
				26981D141E5EC3BC00F3173E /* TableViewController.swift in Sources */,
				26981D161E5EC3DE00F3173E /* Categories.swift in Sources */,
			);
			runOnlyForDeploymentPostprocessing = 0;
		};
/* End PBXSourcesBuildPhase section */

/* Begin PBXVariantGroup section */
		26981CFD1E5EBD2F00F3173E /* Main.storyboard */ = {
			isa = PBXVariantGroup;
			children = (
				26981CFE1E5EBD2F00F3173E /* Base */,
			);
			name = Main.storyboard;
			sourceTree = "<group>";
		};
		26981D021E5EBD2F00F3173E /* LaunchScreen.storyboard */ = {
			isa = PBXVariantGroup;
			children = (
				26981D031E5EBD2F00F3173E /* Base */,
			);
			name = LaunchScreen.storyboard;
			sourceTree = "<group>";
		};
/* End PBXVariantGroup section */

/* Begin XCBuildConfiguration section */
		26981D061E5EBD2F00F3173E /* Debug */ = {
			isa = XCBuildConfiguration;
			buildSettings = {
				ALWAYS_SEARCH_USER_PATHS = NO;
				CLANG_ANALYZER_NONNULL = YES;
				CLANG_CXX_LANGUAGE_STANDARD = "gnu++0x";
				CLANG_CXX_LIBRARY = "libc++";
				CLANG_ENABLE_MODULES = YES;
				CLANG_ENABLE_OBJC_ARC = YES;
				CLANG_WARN_BOOL_CONVERSION = YES;
				CLANG_WARN_CONSTANT_CONVERSION = YES;
				CLANG_WARN_DIRECT_OBJC_ISA_USAGE = YES_ERROR;
				CLANG_WARN_DOCUMENTATION_COMMENTS = YES;
				CLANG_WARN_EMPTY_BODY = YES;
				CLANG_WARN_ENUM_CONVERSION = YES;
				CLANG_WARN_INFINITE_RECURSION = YES;
				CLANG_WARN_INT_CONVERSION = YES;
				CLANG_WARN_OBJC_ROOT_CLASS = YES_ERROR;
				CLANG_WARN_SUSPICIOUS_MOVE = YES;
				CLANG_WARN_UNREACHABLE_CODE = YES;
				CLANG_WARN__DUPLICATE_METHOD_MATCH = YES;
				"CODE_SIGN_IDENTITY[sdk=iphoneos*]" = "iPhone Developer";
				COPY_PHASE_STRIP = NO;
				DEBUG_INFORMATION_FORMAT = dwarf;
				ENABLE_STRICT_OBJC_MSGSEND = YES;
				ENABLE_TESTABILITY = YES;
				GCC_C_LANGUAGE_STANDARD = gnu99;
				GCC_DYNAMIC_NO_PIC = NO;
				GCC_NO_COMMON_BLOCKS = YES;
				GCC_OPTIMIZATION_LEVEL = 0;
				GCC_PREPROCESSOR_DEFINITIONS = (
					"DEBUG=1",
					"$(inherited)",
				);
				GCC_WARN_64_TO_32_BIT_CONVERSION = YES;
				GCC_WARN_ABOUT_RETURN_TYPE = YES_ERROR;
				GCC_WARN_UNDECLARED_SELECTOR = YES;
				GCC_WARN_UNINITIALIZED_AUTOS = YES_AGGRESSIVE;
				GCC_WARN_UNUSED_FUNCTION = YES;
				GCC_WARN_UNUSED_VARIABLE = YES;
				IPHONEOS_DEPLOYMENT_TARGET = 10.2;
				MTL_ENABLE_DEBUG_INFO = YES;
				ONLY_ACTIVE_ARCH = YES;
				SDKROOT = iphoneos;
				SWIFT_ACTIVE_COMPILATION_CONDITIONS = DEBUG;
				SWIFT_OPTIMIZATION_LEVEL = "-Onone";
			};
			name = Debug;
		};
		26981D071E5EBD2F00F3173E /* Release */ = {
			isa = XCBuildConfiguration;
			buildSettings = {
				ALWAYS_SEARCH_USER_PATHS = NO;
				CLANG_ANALYZER_NONNULL = YES;
				CLANG_CXX_LANGUAGE_STANDARD = "gnu++0x";
				CLANG_CXX_LIBRARY = "libc++";
				CLANG_ENABLE_MODULES = YES;
				CLANG_ENABLE_OBJC_ARC = YES;
				CLANG_WARN_BOOL_CONVERSION = YES;
				CLANG_WARN_CONSTANT_CONVERSION = YES;
				CLANG_WARN_DIRECT_OBJC_ISA_USAGE = YES_ERROR;
				CLANG_WARN_DOCUMENTATION_COMMENTS = YES;
				CLANG_WARN_EMPTY_BODY = YES;
				CLANG_WARN_ENUM_CONVERSION = YES;
				CLANG_WARN_INFINITE_RECURSION = YES;
				CLANG_WARN_INT_CONVERSION = YES;
				CLANG_WARN_OBJC_ROOT_CLASS = YES_ERROR;
				CLANG_WARN_SUSPICIOUS_MOVE = YES;
				CLANG_WARN_UNREACHABLE_CODE = YES;
				CLANG_WARN__DUPLICATE_METHOD_MATCH = YES;
				"CODE_SIGN_IDENTITY[sdk=iphoneos*]" = "iPhone Developer";
				COPY_PHASE_STRIP = NO;
				DEBUG_INFORMATION_FORMAT = "dwarf-with-dsym";
				ENABLE_NS_ASSERTIONS = NO;
				ENABLE_STRICT_OBJC_MSGSEND = YES;
				GCC_C_LANGUAGE_STANDARD = gnu99;
				GCC_NO_COMMON_BLOCKS = YES;
				GCC_WARN_64_TO_32_BIT_CONVERSION = YES;
				GCC_WARN_ABOUT_RETURN_TYPE = YES_ERROR;
				GCC_WARN_UNDECLARED_SELECTOR = YES;
				GCC_WARN_UNINITIALIZED_AUTOS = YES_AGGRESSIVE;
				GCC_WARN_UNUSED_FUNCTION = YES;
				GCC_WARN_UNUSED_VARIABLE = YES;
				IPHONEOS_DEPLOYMENT_TARGET = 10.2;
				MTL_ENABLE_DEBUG_INFO = NO;
				SDKROOT = iphoneos;
				SWIFT_OPTIMIZATION_LEVEL = "-Owholemodule";
				VALIDATE_PRODUCT = YES;
			};
			name = Release;
		};
		26981D091E5EBD2F00F3173E /* Debug */ = {
			isa = XCBuildConfiguration;
			buildSettings = {
				ASSETCATALOG_COMPILER_APPICON_NAME = AppIcon;
				DEVELOPMENT_TEAM = JKDFLUJRE5;
				INFOPLIST_FILE = Ahead/Info.plist;
				LD_RUNPATH_SEARCH_PATHS = "$(inherited) @executable_path/Frameworks";
				PRODUCT_BUNDLE_IDENTIFIER = ATLAS.Ahead;
				PRODUCT_NAME = "$(TARGET_NAME)";
				SWIFT_VERSION = 3.0;
			};
			name = Debug;
		};
		26981D0A1E5EBD2F00F3173E /* Release */ = {
			isa = XCBuildConfiguration;
			buildSettings = {
				ASSETCATALOG_COMPILER_APPICON_NAME = AppIcon;
				DEVELOPMENT_TEAM = JKDFLUJRE5;
				INFOPLIST_FILE = Ahead/Info.plist;
				LD_RUNPATH_SEARCH_PATHS = "$(inherited) @executable_path/Frameworks";
				PRODUCT_BUNDLE_IDENTIFIER = ATLAS.Ahead;
				PRODUCT_NAME = "$(TARGET_NAME)";
				SWIFT_VERSION = 3.0;
			};
			name = Release;
		};
/* End XCBuildConfiguration section */

/* Begin XCConfigurationList section */
		26981CF11E5EBD2F00F3173E /* Build configuration list for PBXProject "Ahead" */ = {
			isa = XCConfigurationList;
			buildConfigurations = (
				26981D061E5EBD2F00F3173E /* Debug */,
				26981D071E5EBD2F00F3173E /* Release */,
			);
			defaultConfigurationIsVisible = 0;
			defaultConfigurationName = Release;
		};
		26981D081E5EBD2F00F3173E /* Build configuration list for PBXNativeTarget "Ahead" */ = {
			isa = XCConfigurationList;
			buildConfigurations = (
				26981D091E5EBD2F00F3173E /* Debug */,
				26981D0A1E5EBD2F00F3173E /* Release */,
			);
			defaultConfigurationIsVisible = 0;
			defaultConfigurationName = Release;
		};
/* End XCConfigurationList section */
	};
	rootObject = 26981CEE1E5EBD2F00F3173E /* Project object */;
}
