// !$*UTF8*$!
{
	archiveVersion = 1;
	classes = {
	};
	objectVersion = 46;
	objects = {

/* Begin PBXBuildFile section */
		26A8AB9D1E7B00CA003536C5 /* AppDelegate.swift in Sources */ = {isa = PBXBuildFile; fileRef = 26A8AB9C1E7B00CA003536C5 /* AppDelegate.swift */; };
		26A8ABA41E7B00CA003536C5 /* Assets.xcassets in Resources */ = {isa = PBXBuildFile; fileRef = 26A8ABA31E7B00CA003536C5 /* Assets.xcassets */; };
		26A8ABA71E7B00CA003536C5 /* LaunchScreen.storyboard in Resources */ = {isa = PBXBuildFile; fileRef = 26A8ABA51E7B00CA003536C5 /* LaunchScreen.storyboard */; };
		26A8ABAF1E7B0202003536C5 /* resortsinfo.plist in Resources */ = {isa = PBXBuildFile; fileRef = 26A8ABAE1E7B0202003536C5 /* resortsinfo.plist */; };
		26A8ABB11E7B0293003536C5 /* ResortsTableViewController.swift in Sources */ = {isa = PBXBuildFile; fileRef = 26A8ABB01E7B0293003536C5 /* ResortsTableViewController.swift */; };
		26A8ABB31E7B051A003536C5 /* DetailTableViewController.swift in Sources */ = {isa = PBXBuildFile; fileRef = 26A8ABB21E7B051A003536C5 /* DetailTableViewController.swift */; };
		26A8ABB51E7B05BD003536C5 /* Resorts.swift in Sources */ = {isa = PBXBuildFile; fileRef = 26A8ABB41E7B05BD003536C5 /* Resorts.swift */; };
		26A8ABB71E7B0A7F003536C5 /* AddRunViewController.swift in Sources */ = {isa = PBXBuildFile; fileRef = 26A8ABB61E7B0A7F003536C5 /* AddRunViewController.swift */; };
		26A8ABB91E7B0C80003536C5 /* Main.storyboard in Resources */ = {isa = PBXBuildFile; fileRef = 26A8ABB81E7B0C80003536C5 /* Main.storyboard */; };
		26A8ABBD1E7B0FD9003536C5 /* ResortInfoViewController.swift in Sources */ = {isa = PBXBuildFile; fileRef = 26A8ABBC1E7B0FD9003536C5 /* ResortInfoViewController.swift */; };
		26A8ABBF1E7B1219003536C5 /* SearchTableViewController.swift in Sources */ = {isa = PBXBuildFile; fileRef = 26A8ABBE1E7B1219003536C5 /* SearchTableViewController.swift */; };
/* End PBXBuildFile section */

/* Begin PBXFileReference section */
		26A8AB991E7B00CA003536C5 /* Resorts.app */ = {isa = PBXFileReference; explicitFileType = wrapper.application; includeInIndex = 0; path = Resorts.app; sourceTree = BUILT_PRODUCTS_DIR; };
		26A8AB9C1E7B00CA003536C5 /* AppDelegate.swift */ = {isa = PBXFileReference; lastKnownFileType = sourcecode.swift; path = AppDelegate.swift; sourceTree = "<group>"; };
		26A8ABA31E7B00CA003536C5 /* Assets.xcassets */ = {isa = PBXFileReference; lastKnownFileType = folder.assetcatalog; path = Assets.xcassets; sourceTree = "<group>"; };
		26A8ABA61E7B00CA003536C5 /* Base */ = {isa = PBXFileReference; lastKnownFileType = file.storyboard; name = Base; path = Base.lproj/LaunchScreen.storyboard; sourceTree = "<group>"; };
		26A8ABA81E7B00CA003536C5 /* Info.plist */ = {isa = PBXFileReference; lastKnownFileType = text.plist.xml; path = Info.plist; sourceTree = "<group>"; };
		26A8ABAE1E7B0202003536C5 /* resortsinfo.plist */ = {isa = PBXFileReference; fileEncoding = 4; lastKnownFileType = text.plist.xml; path = resortsinfo.plist; sourceTree = "<group>"; };
		26A8ABB01E7B0293003536C5 /* ResortsTableViewController.swift */ = {isa = PBXFileReference; fileEncoding = 4; lastKnownFileType = sourcecode.swift; path = ResortsTableViewController.swift; sourceTree = "<group>"; };
		26A8ABB21E7B051A003536C5 /* DetailTableViewController.swift */ = {isa = PBXFileReference; fileEncoding = 4; lastKnownFileType = sourcecode.swift; path = DetailTableViewController.swift; sourceTree = "<group>"; };
		26A8ABB41E7B05BD003536C5 /* Resorts.swift */ = {isa = PBXFileReference; fileEncoding = 4; lastKnownFileType = sourcecode.swift; path = Resorts.swift; sourceTree = "<group>"; };
		26A8ABB61E7B0A7F003536C5 /* AddRunViewController.swift */ = {isa = PBXFileReference; fileEncoding = 4; lastKnownFileType = sourcecode.swift; path = AddRunViewController.swift; sourceTree = "<group>"; };
		26A8ABB81E7B0C80003536C5 /* Main.storyboard */ = {isa = PBXFileReference; fileEncoding = 4; lastKnownFileType = file.storyboard; path = Main.storyboard; sourceTree = "<group>"; };
		26A8ABBC1E7B0FD9003536C5 /* ResortInfoViewController.swift */ = {isa = PBXFileReference; fileEncoding = 4; lastKnownFileType = sourcecode.swift; path = ResortInfoViewController.swift; sourceTree = "<group>"; };
		26A8ABBE1E7B1219003536C5 /* SearchTableViewController.swift */ = {isa = PBXFileReference; fileEncoding = 4; lastKnownFileType = sourcecode.swift; path = SearchTableViewController.swift; sourceTree = "<group>"; };
/* End PBXFileReference section */

/* Begin PBXFrameworksBuildPhase section */
		26A8AB961E7B00CA003536C5 /* Frameworks */ = {
			isa = PBXFrameworksBuildPhase;
			buildActionMask = 2147483647;
			files = (
			);
			runOnlyForDeploymentPostprocessing = 0;
		};
/* End PBXFrameworksBuildPhase section */

/* Begin PBXGroup section */
		26A8AB901E7B00CA003536C5 = {
			isa = PBXGroup;
			children = (
				26A8AB9B1E7B00CA003536C5 /* Resorts */,
				26A8AB9A1E7B00CA003536C5 /* Products */,
			);
			sourceTree = "<group>";
		};
		26A8AB9A1E7B00CA003536C5 /* Products */ = {
			isa = PBXGroup;
			children = (
				26A8AB991E7B00CA003536C5 /* Resorts.app */,
			);
			name = Products;
			sourceTree = "<group>";
		};
		26A8AB9B1E7B00CA003536C5 /* Resorts */ = {
			isa = PBXGroup;
			children = (
				26A8ABB01E7B0293003536C5 /* ResortsTableViewController.swift */,
				26A8ABBC1E7B0FD9003536C5 /* ResortInfoViewController.swift */,
				26A8ABB41E7B05BD003536C5 /* Resorts.swift */,
				26A8AB9C1E7B00CA003536C5 /* AppDelegate.swift */,
				26A8ABB81E7B0C80003536C5 /* Main.storyboard */,
				26A8ABB61E7B0A7F003536C5 /* AddRunViewController.swift */,
				26A8ABB21E7B051A003536C5 /* DetailTableViewController.swift */,
				26A8ABBE1E7B1219003536C5 /* SearchTableViewController.swift */,
				26A8ABA31E7B00CA003536C5 /* Assets.xcassets */,
				26A8ABA51E7B00CA003536C5 /* LaunchScreen.storyboard */,
				26A8ABA81E7B00CA003536C5 /* Info.plist */,
				26A8ABAE1E7B0202003536C5 /* resortsinfo.plist */,
			);
			path = Resorts;
			sourceTree = "<group>";
		};
/* End PBXGroup section */

/* Begin PBXNativeTarget section */
		26A8AB981E7B00CA003536C5 /* Resorts */ = {
			isa = PBXNativeTarget;
			buildConfigurationList = 26A8ABAB1E7B00CA003536C5 /* Build configuration list for PBXNativeTarget "Resorts" */;
			buildPhases = (
				26A8AB951E7B00CA003536C5 /* Sources */,
				26A8AB961E7B00CA003536C5 /* Frameworks */,
				26A8AB971E7B00CA003536C5 /* Resources */,
			);
			buildRules = (
			);
			dependencies = (
			);
			name = Resorts;
			productName = Resorts;
			productReference = 26A8AB991E7B00CA003536C5 /* Resorts.app */;
			productType = "com.apple.product-type.application";
		};
/* End PBXNativeTarget section */

/* Begin PBXProject section */
		26A8AB911E7B00CA003536C5 /* Project object */ = {
			isa = PBXProject;
			attributes = {
				LastSwiftUpdateCheck = 0820;
				LastUpgradeCheck = 0820;
				ORGANIZATIONNAME = "Keren Megory-Cohen";
				TargetAttributes = {
					26A8AB981E7B00CA003536C5 = {
						CreatedOnToolsVersion = 8.2.1;
						DevelopmentTeam = JKDFLUJRE5;
						ProvisioningStyle = Automatic;
					};
				};
			};
			buildConfigurationList = 26A8AB941E7B00CA003536C5 /* Build configuration list for PBXProject "Resorts" */;
			compatibilityVersion = "Xcode 3.2";
			developmentRegion = English;
			hasScannedForEncodings = 0;
			knownRegions = (
				en,
				Base,
			);
			mainGroup = 26A8AB901E7B00CA003536C5;
			productRefGroup = 26A8AB9A1E7B00CA003536C5 /* Products */;
			projectDirPath = "";
			projectRoot = "";
			targets = (
				26A8AB981E7B00CA003536C5 /* Resorts */,
			);
		};
/* End PBXProject section */

/* Begin PBXResourcesBuildPhase section */
		26A8AB971E7B00CA003536C5 /* Resources */ = {
			isa = PBXResourcesBuildPhase;
			buildActionMask = 2147483647;
			files = (
				26A8ABA71E7B00CA003536C5 /* LaunchScreen.storyboard in Resources */,
				26A8ABAF1E7B0202003536C5 /* resortsinfo.plist in Resources */,
				26A8ABA41E7B00CA003536C5 /* Assets.xcassets in Resources */,
				26A8ABB91E7B0C80003536C5 /* Main.storyboard in Resources */,
			);
			runOnlyForDeploymentPostprocessing = 0;
		};
/* End PBXResourcesBuildPhase section */

/* Begin PBXSourcesBuildPhase section */
		26A8AB951E7B00CA003536C5 /* Sources */ = {
			isa = PBXSourcesBuildPhase;
			buildActionMask = 2147483647;
			files = (
				26A8ABB31E7B051A003536C5 /* DetailTableViewController.swift in Sources */,
				26A8ABB11E7B0293003536C5 /* ResortsTableViewController.swift in Sources */,
				26A8ABB51E7B05BD003536C5 /* Resorts.swift in Sources */,
				26A8ABBF1E7B1219003536C5 /* SearchTableViewController.swift in Sources */,
				26A8ABBD1E7B0FD9003536C5 /* ResortInfoViewController.swift in Sources */,
				26A8AB9D1E7B00CA003536C5 /* AppDelegate.swift in Sources */,
				26A8ABB71E7B0A7F003536C5 /* AddRunViewController.swift in Sources */,
			);
			runOnlyForDeploymentPostprocessing = 0;
		};
/* End PBXSourcesBuildPhase section */

/* Begin PBXVariantGroup section */
		26A8ABA51E7B00CA003536C5 /* LaunchScreen.storyboard */ = {
			isa = PBXVariantGroup;
			children = (
				26A8ABA61E7B00CA003536C5 /* Base */,
			);
			name = LaunchScreen.storyboard;
			sourceTree = "<group>";
		};
/* End PBXVariantGroup section */

/* Begin XCBuildConfiguration section */
		26A8ABA91E7B00CA003536C5 /* Debug */ = {
			isa = XCBuildConfiguration;
			buildSettings = {
				ALWAYS_SEARCH_USER_PATHS = NO;
				CLANG_ANALYZER_NONNULL = YES;
				CLANG_CXX_LANGUAGE_STANDARD = "gnu++0x";
				CLANG_CXX_LIBRARY = "libc++";
				CLANG_ENABLE_MODULES = YES;
				CLANG_ENABLE_OBJC_ARC = YES;
				CLANG_WARN_BOOL_CONVERSION = YES;
				CLANG_WARN_CONSTANT_CONVERSION = YES;
				CLANG_WARN_DIRECT_OBJC_ISA_USAGE = YES_ERROR;
				CLANG_WARN_DOCUMENTATION_COMMENTS = YES;
				CLANG_WARN_EMPTY_BODY = YES;
				CLANG_WARN_ENUM_CONVERSION = YES;
				CLANG_WARN_INFINITE_RECURSION = YES;
				CLANG_WARN_INT_CONVERSION = YES;
				CLANG_WARN_OBJC_ROOT_CLASS = YES_ERROR;
				CLANG_WARN_SUSPICIOUS_MOVE = YES;
				CLANG_WARN_UNREACHABLE_CODE = YES;
				CLANG_WARN__DUPLICATE_METHOD_MATCH = YES;
				"CODE_SIGN_IDENTITY[sdk=iphoneos*]" = "iPhone Developer";
				COPY_PHASE_STRIP = NO;
				DEBUG_INFORMATION_FORMAT = dwarf;
				ENABLE_STRICT_OBJC_MSGSEND = YES;
				ENABLE_TESTABILITY = YES;
				GCC_C_LANGUAGE_STANDARD = gnu99;
				GCC_DYNAMIC_NO_PIC = NO;
				GCC_NO_COMMON_BLOCKS = YES;
				GCC_OPTIMIZATION_LEVEL = 0;
				GCC_PREPROCESSOR_DEFINITIONS = (
					"DEBUG=1",
					"$(inherited)",
				);
				GCC_WARN_64_TO_32_BIT_CONVERSION = YES;
				GCC_WARN_ABOUT_RETURN_TYPE = YES_ERROR;
				GCC_WARN_UNDECLARED_SELECTOR = YES;
				GCC_WARN_UNINITIALIZED_AUTOS = YES_AGGRESSIVE;
				GCC_WARN_UNUSED_FUNCTION = YES;
				GCC_WARN_UNUSED_VARIABLE = YES;
				IPHONEOS_DEPLOYMENT_TARGET = 10.2;
				MTL_ENABLE_DEBUG_INFO = YES;
				ONLY_ACTIVE_ARCH = YES;
				SDKROOT = iphoneos;
				SWIFT_ACTIVE_COMPILATION_CONDITIONS = DEBUG;
				SWIFT_OPTIMIZATION_LEVEL = "-Onone";
				TARGETED_DEVICE_FAMILY = "1,2";
			};
			name = Debug;
		};
		26A8ABAA1E7B00CA003536C5 /* Release */ = {
			isa = XCBuildConfiguration;
			buildSettings = {
				ALWAYS_SEARCH_USER_PATHS = NO;
				CLANG_ANALYZER_NONNULL = YES;
				CLANG_CXX_LANGUAGE_STANDARD = "gnu++0x";
				CLANG_CXX_LIBRARY = "libc++";
				CLANG_ENABLE_MODULES = YES;
				CLANG_ENABLE_OBJC_ARC = YES;
				CLANG_WARN_BOOL_CONVERSION = YES;
				CLANG_WARN_CONSTANT_CONVERSION = YES;
				CLANG_WARN_DIRECT_OBJC_ISA_USAGE = YES_ERROR;
				CLANG_WARN_DOCUMENTATION_COMMENTS = YES;
				CLANG_WARN_EMPTY_BODY = YES;
				CLANG_WARN_ENUM_CONVERSION = YES;
				CLANG_WARN_INFINITE_RECURSION = YES;
				CLANG_WARN_INT_CONVERSION = YES;
				CLANG_WARN_OBJC_ROOT_CLASS = YES_ERROR;
				CLANG_WARN_SUSPICIOUS_MOVE = YES;
				CLANG_WARN_UNREACHABLE_CODE = YES;
				CLANG_WARN__DUPLICATE_METHOD_MATCH = YES;
				"CODE_SIGN_IDENTITY[sdk=iphoneos*]" = "iPhone Developer";
				COPY_PHASE_STRIP = NO;
				DEBUG_INFORMATION_FORMAT = "dwarf-with-dsym";
				ENABLE_NS_ASSERTIONS = NO;
				ENABLE_STRICT_OBJC_MSGSEND = YES;
				GCC_C_LANGUAGE_STANDARD = gnu99;
				GCC_NO_COMMON_BLOCKS = YES;
				GCC_WARN_64_TO_32_BIT_CONVERSION = YES;
				GCC_WARN_ABOUT_RETURN_TYPE = YES_ERROR;
				GCC_WARN_UNDECLARED_SELECTOR = YES;
				GCC_WARN_UNINITIALIZED_AUTOS = YES_AGGRESSIVE;
				GCC_WARN_UNUSED_FUNCTION = YES;
				GCC_WARN_UNUSED_VARIABLE = YES;
				IPHONEOS_DEPLOYMENT_TARGET = 10.2;
				MTL_ENABLE_DEBUG_INFO = NO;
				SDKROOT = iphoneos;
				SWIFT_OPTIMIZATION_LEVEL = "-Owholemodule";
				TARGETED_DEVICE_FAMILY = "1,2";
				VALIDATE_PRODUCT = YES;
			};
			name = Release;
		};
		26A8ABAC1E7B00CA003536C5 /* Debug */ = {
			isa = XCBuildConfiguration;
			buildSettings = {
				ASSETCATALOG_COMPILER_APPICON_NAME = AppIcon;
				DEVELOPMENT_TEAM = JKDFLUJRE5;
				INFOPLIST_FILE = Resorts/Info.plist;
				LD_RUNPATH_SEARCH_PATHS = "$(inherited) @executable_path/Frameworks";
				PRODUCT_BUNDLE_IDENTIFIER = ATLAS.Resorts;
				PRODUCT_NAME = "$(TARGET_NAME)";
				SWIFT_VERSION = 3.0;
				TARGETED_DEVICE_FAMILY = 1;
			};
			name = Debug;
		};
		26A8ABAD1E7B00CA003536C5 /* Release */ = {
			isa = XCBuildConfiguration;
			buildSettings = {
				ASSETCATALOG_COMPILER_APPICON_NAME = AppIcon;
				DEVELOPMENT_TEAM = JKDFLUJRE5;
				INFOPLIST_FILE = Resorts/Info.plist;
				LD_RUNPATH_SEARCH_PATHS = "$(inherited) @executable_path/Frameworks";
				PRODUCT_BUNDLE_IDENTIFIER = ATLAS.Resorts;
				PRODUCT_NAME = "$(TARGET_NAME)";
				SWIFT_VERSION = 3.0;
				TARGETED_DEVICE_FAMILY = 1;
			};
			name = Release;
		};
/* End XCBuildConfiguration section */

/* Begin XCConfigurationList section */
		26A8AB941E7B00CA003536C5 /* Build configuration list for PBXProject "Resorts" */ = {
			isa = XCConfigurationList;
			buildConfigurations = (
				26A8ABA91E7B00CA003536C5 /* Debug */,
				26A8ABAA1E7B00CA003536C5 /* Release */,
			);
			defaultConfigurationIsVisible = 0;
			defaultConfigurationName = Release;
		};
		26A8ABAB1E7B00CA003536C5 /* Build configuration list for PBXNativeTarget "Resorts" */ = {
			isa = XCConfigurationList;
			buildConfigurations = (
				26A8ABAC1E7B00CA003536C5 /* Debug */,
				26A8ABAD1E7B00CA003536C5 /* Release */,
			);
			defaultConfigurationIsVisible = 0;
		};
/* End XCConfigurationList section */
	};
	rootObject = 26A8AB911E7B00CA003536C5 /* Project object */;
}
